
Microsoft Visual Studio Solution File, Format Version 12.00
# Visual Studio 15
VisualStudioVersion = 15.0.28307.438
MinimumVisualStudioVersion = 10.0.40219.1
Project("{FAE04EC0-301F-11D3-BF4B-00C04F79EFBC}") = "Employee Administration", "List and maybe time\Employee Administration.csproj", "{344DFFD2-EF21-40E0-93EA-E8EB176AF552}"
EndProject
Global
	GlobalSection(SolutionConfigurationPlatforms) = preSolution
		Debug|Any CPU = Debug|Any CPU
		Release|Any CPU = Release|Any CPU
	EndGlobalSection
	GlobalSection(ProjectConfigurationPlatforms) = postSolution
		{344DFFD2-EF21-40E0-93EA-E8EB176AF552}.Debug|Any CPU.ActiveCfg = Debug|Any CPU
		{344DFFD2-EF21-40E0-93EA-E8EB176AF552}.Debug|Any CPU.Build.0 = Debug|Any CPU
		{344DFFD2-EF21-40E0-93EA-E8EB176AF552}.Release|Any CPU.ActiveCfg = Release|Any CPU
		{344DFFD2-EF21-40E0-93EA-E8EB176AF552}.Release|Any CPU.Build.0 = Release|Any CPU
	EndGlobalSection
	GlobalSection(SolutionProperties) = preSolution
		HideSolutionNode = FALSE
	EndGlobalSection
	GlobalSection(ExtensibilityGlobals) = postSolution
		SolutionGuid = {E7DA8608-4345-42FA-BD4C-455CC64DD1C5}
	EndGlobalSection
EndGlobal
